
Microsoft Visual Studio Solution File, Format Version 12.00
# Visual Studio Version 17
VisualStudioVersion = 17.0.32014.148
MinimumVisualStudioVersion = 10.0.40219.1
Project("{FAE04EC0-301F-11D3-BF4B-00C04F79EFBC}") = "MarketScreener", "AzureTest1\MarketScreener.csproj", "{C59BBD31-FDAC-4124-BF3F-675C7D04A02A}"
EndProject
Global
	GlobalSection(SolutionConfigurationPlatforms) = preSolution
		Debug|Any CPU = Debug|Any CPU
		Release|Any CPU = Release|Any CPU
	EndGlobalSection
	GlobalSection(ProjectConfigurationPlatforms) = postSolution
		{C59BBD31-FDAC-4124-BF3F-675C7D04A02A}.Debug|Any CPU.ActiveCfg = Debug|Any CPU
		{C59BBD31-FDAC-4124-BF3F-675C7D04A02A}.Debug|Any CPU.Build.0 = Debug|Any CPU
		{C59BBD31-FDAC-4124-BF3F-675C7D04A02A}.Release|Any CPU.ActiveCfg = Release|Any CPU
		{C59BBD31-FDAC-4124-BF3F-675C7D04A02A}.Release|Any CPU.Build.0 = Release|Any CPU
	EndGlobalSection
	GlobalSection(SolutionProperties) = preSolution
		HideSolutionNode = FALSE
	EndGlobalSection
	GlobalSection(ExtensibilityGlobals) = postSolution
		SolutionGuid = {4D348D48-6A80-4260-BA43-C853B74BEC85}
	EndGlobalSection
EndGlobal
